{
  "originHash" : "169e6484ecb49730a3ba2d6a11087817a66e73977191ee9a2df044481f775910",
  "pins" : [
    {
      "identity" : "confettiswiftui",
      "kind" : "remoteSourceControl",
      "location" : "https://github.com/simibac/ConfettiSwiftUI.git",
      "state" : {
        "revision" : "9ae5bc2ce2149980884d4612321c3a266d6bf82c",
        "version" : "3.0.0"
      }
    },
    {
      "identity" : "plcrashreporter",
      "kind" : "remoteSourceControl",
      "location" : "https://github.com/microsoft/plcrashreporter.git",
      "state" : {
        "revision" : "0254f941c646b1ed17b243654723d0f071e990d0",
        "version" : "1.12.2"
      }
    }
  ],
  "version" : 3
}
