{
  "originHash" : "8b4e382dd72765e625766a8c962a272f53b213d4f49257182334d537e559f8c9",
  "pins" : [
    {
      "identity" : "confettiswiftui",
      "kind" : "remoteSourceControl",
      "location" : "https://github.com/simibac/ConfettiSwiftUI.git",
      "state" : {
        "revision" : "9ae5bc2ce2149980884d4612321c3a266d6bf82c",
        "version" : "3.0.0"
      }
    },
    {
      "identity" : "nuke",
      "kind" : "remoteSourceControl",
      "location" : "https://github.com/kean/Nuke.git",
      "state" : {
        "revision" : "0ead44350d2737db384908569c012fe67c421e4d",
        "version" : "12.8.0"
      }
    },
    {
      "identity" : "photobrowser",
      "kind" : "remoteSourceControl",
      "location" : "https://github.com/JiongXing/PhotoBrowser.git",
      "state" : {
        "revision" : "f70648e0e69c9104e14a6135a337102284730304",
        "version" : "4.0.3"
      }
    },
    {
      "identity" : "plcrashreporter",
      "kind" : "remoteSourceControl",
      "location" : "https://github.com/microsoft/plcrashreporter.git",
      "state" : {
        "revision" : "0254f941c646b1ed17b243654723d0f071e990d0",
        "version" : "1.12.2"
      }
    },
    {
      "identity" : "skeletonview",
      "kind" : "remoteSourceControl",
      "location" : "https://github.com/Juanpe/SkeletonView.git",
      "state" : {
        "revision" : "2f5274827d310e32c09325dd3e0007120940988e",
        "version" : "1.31.0"
      }
    },
    {
      "identity" : "snapkit",
      "kind" : "remoteSourceControl",
      "location" : "https://github.com/SnapKit/SnapKit.git",
      "state" : {
        "revision" : "2842e6e84e82eb9a8dac0100ca90d9444b0307f4",
        "version" : "5.7.1"
      }
    },
    {
      "identity" : "toast-swift",
      "kind" : "remoteSourceControl",
      "location" : "https://github.com/BastiaanJansen/toast-swift.git",
      "state" : {
        "revision" : "b8f0de845abca47eee747b6e671f1141ec4dcf3e",
        "version" : "2.1.3"
      }
    }
  ],
  "version" : 3
}
